lockfileVersion: '9.0'

settings:
  autoInstallPeers: true
  excludeLinksFromLockfile: false

importers:

  .:
    dependencies:
      dayjs:
        specifier: ^1.11.7
        version: 1.11.18
      lodash:
        specifier: ^4.17.21
        version: 4.17.21
      lodash-es:
        specifier: ^4.17.21
        version: 4.17.21
      luch-request:
        specifier: ^3.0.8
        version: 3.1.1
      pinia:
        specifier: ^2.0.33
        version: 2.3.1(vue@3.5.22)
      pinia-plugin-persist-uni:
        specifier: ^1.2.0
        version: 1.3.1(pinia@2.3.1(vue@3.5.22))(vue@3.5.22)
      weixin-js-sdk:
        specifier: ^1.6.0
        version: 1.6.5
    devDependencies:
      prettier:
        specifier: ^2.8.7
        version: 2.8.8
      vconsole:
        specifier: ^3.15.0
        version: 3.15.1

packages:

  '@babel/helper-string-parser@7.27.1':
    resolution: {integrity: sha512-qMlSxKbpRlAridDExk92nSobyDdpPijUq2DW6oDnUqd0iOGxmQjyqhMIihI9+zv4LPyZdRje2cavWPbCbWm3eA==}
    engines: {node: '>=6.9.0'}

  '@babel/helper-validator-identifier@7.27.1':
    resolution: {integrity: sha512-D2hP9eA+Sqx1kBZgzxZh0y1trbuU+JoDkiEwqhQ36nodYqJwyEIhPSdMNd7lOm/4io72luTPWH20Yda0xOuUow==}
    engines: {node: '>=6.9.0'}

  '@babel/parser@7.28.4':
    resolution: {integrity: sha512-yZbBqeM6TkpP9du/I2pUZnJsRMGGvOuIrhjzC1AwHwW+6he4mni6Bp/m8ijn0iOuZuPI2BfkCoSRunpyjnrQKg==}
    engines: {node: '>=6.0.0'}
    hasBin: true

  '@babel/runtime@7.28.4':
    resolution: {integrity: sha512-Q/N6JNWvIvPnLDvjlE1OUBLPQHH6l3CltCEsHIujp45zQUSSh8K+gHnaEX45yAT1nyngnINhvWtzN+Nb9D8RAQ==}
    engines: {node: '>=6.9.0'}

  '@babel/types@7.28.4':
    resolution: {integrity: sha512-bkFqkLhh3pMBUQQkpVgWDWq/lqzc2678eUyDlTBhRqhCHFguYYGM0Efga7tYk4TogG/3x0EEl66/OQ+WGbWB/Q==}
    engines: {node: '>=6.9.0'}

  '@dcloudio/types@2.6.12':
    resolution: {integrity: sha512-mrCMwcINy1IFjU9VUqLeWBkj404yWs5paLDttBcA+eqUjanuUQbBcTVPqlrGgkyzLXDcV2oDDZRSNxNpXi4kMQ==}

  '@jridgewell/sourcemap-codec@1.5.5':
    resolution: {integrity: sha512-cYQ9310grqxueWbl+WuIUIaiUaDcj7WOq5fVhEljNVgRfOUhY9fy2zTvfoqWsnebh8Sl70VScFbICvJnLKB0Og==}

  '@vue/compiler-core@3.5.22':
    resolution: {integrity: sha512-jQ0pFPmZwTEiRNSb+i9Ow/I/cHv2tXYqsnHKKyCQ08irI2kdF5qmYedmF8si8mA7zepUFmJ2hqzS8CQmNOWOkQ==}

  '@vue/compiler-dom@3.5.22':
    resolution: {integrity: sha512-W8RknzUM1BLkypvdz10OVsGxnMAuSIZs9Wdx1vzA3mL5fNMN15rhrSCLiTm6blWeACwUwizzPVqGJgOGBEN/hA==}

  '@vue/compiler-sfc@3.5.22':
    resolution: {integrity: sha512-tbTR1zKGce4Lj+JLzFXDq36K4vcSZbJ1RBu8FxcDv1IGRz//Dh2EBqksyGVypz3kXpshIfWKGOCcqpSbyGWRJQ==}

  '@vue/compiler-ssr@3.5.22':
    resolution: {integrity: sha512-GdgyLvg4R+7T8Nk2Mlighx7XGxq/fJf9jaVofc3IL0EPesTE86cP/8DD1lT3h1JeZr2ySBvyqKQJgbS54IX1Ww==}

  '@vue/devtools-api@6.6.4':
    resolution: {integrity: sha512-sGhTPMuXqZ1rVOk32RylztWkfXTRhuS7vgAKv0zjqk8gbsHkJ7xfFf+jbySxt7tWObEJwyKaHMikV/WGDiQm8g==}

  '@vue/reactivity@3.5.22':
    resolution: {integrity: sha512-f2Wux4v/Z2pqc9+4SmgZC1p73Z53fyD90NFWXiX9AKVnVBEvLFOWCEgJD3GdGnlxPZt01PSlfmLqbLYzY/Fw4A==}

  '@vue/runtime-core@3.5.22':
    resolution: {integrity: sha512-EHo4W/eiYeAzRTN5PCextDUZ0dMs9I8mQ2Fy+OkzvRPUYQEyK9yAjbasrMCXbLNhF7P0OUyivLjIy0yc6VrLJQ==}

  '@vue/runtime-dom@3.5.22':
    resolution: {integrity: sha512-Av60jsryAkI023PlN7LsqrfPvwfxOd2yAwtReCjeuugTJTkgrksYJJstg1e12qle0NarkfhfFu1ox2D+cQotww==}

  '@vue/server-renderer@3.5.22':
    resolution: {integrity: sha512-gXjo+ao0oHYTSswF+a3KRHZ1WszxIqO7u6XwNHqcqb9JfyIL/pbWrrh/xLv7jeDqla9u+LK7yfZKHih1e1RKAQ==}
    peerDependencies:
      vue: 3.5.22

  '@vue/shared@3.5.22':
    resolution: {integrity: sha512-F4yc6palwq3TT0u+FYf0Ns4Tfl9GRFURDN2gWG7L1ecIaS/4fCIuFOjMTnCyjsu/OK6vaDKLCrGAa+KvvH+h4w==}

  copy-text-to-clipboard@3.2.2:
    resolution: {integrity: sha512-T6SqyLd1iLuqPA90J5N4cTalrtovCySh58iiZDGJ6FGznbclKh4UI+FGacQSgFzwKG77W7XT5gwbVEbd9cIH1A==}
    engines: {node: '>=12'}

  core-js@3.45.1:
    resolution: {integrity: sha512-L4NPsJlCfZsPeXukyzHFlg/i7IIVwHSItR0wg0FLNqYClJ4MQYTYLbC7EkjKYRLZF2iof2MUgN0EGy7MdQFChg==}

  csstype@3.1.3:
    resolution: {integrity: sha512-M1uQkMl8rQK/szD0LNhtqxIPLpimGm8sOBwU7lLnCpSbTyY3yeU1Vc7l4KT5zT4s/yOxHH5O7tIuuLOCnLADRw==}

  dayjs@1.11.18:
    resolution: {integrity: sha512-zFBQ7WFRvVRhKcWoUh+ZA1g2HVgUbsZm9sbddh8EC5iv93sui8DVVz1Npvz+r6meo9VKfa8NyLWBsQK1VvIKPA==}

  entities@4.5.0:
    resolution: {integrity: sha512-V0hjH4dGPh9Ao5p0MoRY6BVqtwCjhz6vI5LT8AJ55H+4g9/4vbHx1I54fS0XuclLhDHArPQCiMjDxjaL8fPxhw==}
    engines: {node: '>=0.12'}

  estree-walker@2.0.2:
    resolution: {integrity: sha512-Rfkk/Mp/DL7JVje3u18FxFujQlTNR2q6QfMSMB7AvCBx91NGj/ba3kCfza0f6dVDbw7YlRf/nDrn7pQrCCyQ/w==}

  lodash-es@4.17.21:
    resolution: {integrity: sha512-mKnC+QJ9pWVzv+C4/U3rRsHapFfHvQFoFB92e52xeyGMcX6/OlIl78je1u8vePzYZSkkogMPJ2yjxxsb89cxyw==}

  lodash@4.17.21:
    resolution: {integrity: sha512-v2kDEe57lecTulaDIuNTPy3Ry4gLGJ6Z1O3vE1krgXZNrsQ+LFTGHVxVjcXPs17LhbZVGedAJv8XZ1tvj5FvSg==}

  luch-request@3.1.1:
    resolution: {integrity: sha512-p7+mlcEtgRcd0OfXC4XZbyiwSr1XgCeqNT7LlVUjnk7InYl/8d5Rk7BUqAYNA2WRafI1wRIUQWRWZRpeUwWR0w==}

  magic-string@0.30.19:
    resolution: {integrity: sha512-2N21sPY9Ws53PZvsEpVtNuSW+ScYbQdp4b9qUaL+9QkHUrGFKo56Lg9Emg5s9V/qrtNBmiR01sYhUOwu3H+VOw==}

  mutation-observer@1.0.3:
    resolution: {integrity: sha512-M/O/4rF2h776hV7qGMZUH3utZLO/jK7p8rnNgGkjKUw8zCGjRQPxB8z6+5l8+VjRUQ3dNYu4vjqXYLr+U8ZVNA==}

  nanoid@3.3.11:
    resolution: {integrity: sha512-N8SpfPUnUp1bK+PMYW8qSWdl9U+wwNWI4QKxOYDy9JAro3WMX7p2OeVRF9v+347pnakNevPmiHhNmZ2HbFA76w==}
    engines: {node: ^10 || ^12 || ^13.7 || ^14 || >=15.0.1}
    hasBin: true

  picocolors@1.1.1:
    resolution: {integrity: sha512-xceH2snhtb5M9liqDsmEw56le376mTZkEX/jEb/RxNFyegNul7eNslCXP9FDj/Lcu0X8KEyMceP2ntpaHrDEVA==}

  pinia-plugin-persist-uni@1.3.1:
    resolution: {integrity: sha512-E7HEj6Hy3ZZKXCDG7yKWQ7Dg99Ibtei2qssY6w8wlqVBl3X54xSydiju8kO7IYPHw8heYAPjPBAF8TGCTdvRGQ==}
    peerDependencies:
      '@vue/composition-api': ^1.0.0
      pinia: ^2.0.0
      vue: ^2.0.0 || >=3.0.0
    peerDependenciesMeta:
      '@vue/composition-api':
        optional: true

  pinia@2.3.1:
    resolution: {integrity: sha512-khUlZSwt9xXCaTbbxFYBKDc/bWAGWJjOgvxETwkTN7KRm66EeT1ZdZj6i2ceh9sP2Pzqsbc704r2yngBrxBVug==}
    peerDependencies:
      typescript: '>=4.4.4'
      vue: ^2.7.0 || ^3.5.11
    peerDependenciesMeta:
      typescript:
        optional: true

  postcss@8.5.6:
    resolution: {integrity: sha512-3Ybi1tAuwAP9s0r1UQ2J4n5Y0G05bJkpUIO0/bI9MhwmD70S5aTWbXGBwxHrelT+XM1k6dM0pk+SwNkpTRN7Pg==}
    engines: {node: ^10 || ^12 || >=14}

  prettier@2.8.8:
    resolution: {integrity: sha512-tdN8qQGvNjw4CHbY+XXk0JgCXn9QiF21a55rBe5LJAU+kDyC4WQn4+awm2Xfk2lQMk5fKup9XgzTZtGkjBdP9Q==}
    engines: {node: '>=10.13.0'}
    hasBin: true

  source-map-js@1.2.1:
    resolution: {integrity: sha512-UXWMKhLOwVKb728IUtQPXxfYU+usdybtUrK/8uGE8CQMvrhOpwvzDBwj0QhSL7MQc7vIsISBG8VQ8+IDQxpfQA==}
    engines: {node: '>=0.10.0'}

  vconsole@3.15.1:
    resolution: {integrity: sha512-KH8XLdrq9T5YHJO/ixrjivHfmF2PC2CdVoK6RWZB4yftMykYIaXY1mxZYAic70vADM54kpMQF+dYmvl5NRNy1g==}

  vue-demi@0.12.5:
    resolution: {integrity: sha512-BREuTgTYlUr0zw0EZn3hnhC3I6gPWv+Kwh4MCih6QcAeaTlaIX0DwOVN0wHej7hSvDPecz4jygy/idsgKfW58Q==}
    engines: {node: '>=12'}
    hasBin: true
    peerDependencies:
      '@vue/composition-api': ^1.0.0-rc.1
      vue: ^3.0.0-0 || ^2.6.0
    peerDependenciesMeta:
      '@vue/composition-api':
        optional: true

  vue-demi@0.14.10:
    resolution: {integrity: sha512-nMZBOwuzabUO0nLgIcc6rycZEebF6eeUfaiQx9+WSk8e29IbLvPU9feI6tqW4kTo3hvoYAJkMh8n8D0fuISphg==}
    engines: {node: '>=12'}
    hasBin: true
    peerDependencies:
      '@vue/composition-api': ^1.0.0-rc.1
      vue: ^3.0.0-0 || ^2.6.0
    peerDependenciesMeta:
      '@vue/composition-api':
        optional: true

  vue@3.5.22:
    resolution: {integrity: sha512-toaZjQ3a/G/mYaLSbV+QsQhIdMo9x5rrqIpYRObsJ6T/J+RyCSFwN2LHNVH9v8uIcljDNa3QzPVdv3Y6b9hAJQ==}
    peerDependencies:
      typescript: '*'
    peerDependenciesMeta:
      typescript:
        optional: true

  weixin-js-sdk@1.6.5:
    resolution: {integrity: sha512-Gph1WAWB2YN/lMOFB/ymb+hbU/wYazzJgu6PMMktCy9cSCeW5wA6Zwt0dpahJbJ+RJEwtTv2x9iIu0U4enuVSQ==}

snapshots:

  '@babel/helper-string-parser@7.27.1': {}

  '@babel/helper-validator-identifier@7.27.1': {}

  '@babel/parser@7.28.4':
    dependencies:
      '@babel/types': 7.28.4

  '@babel/runtime@7.28.4': {}

  '@babel/types@7.28.4':
    dependencies:
      '@babel/helper-string-parser': 7.27.1
      '@babel/helper-validator-identifier': 7.27.1

  '@dcloudio/types@2.6.12': {}

  '@jridgewell/sourcemap-codec@1.5.5': {}

  '@vue/compiler-core@3.5.22':
    dependencies:
      '@babel/parser': 7.28.4
      '@vue/shared': 3.5.22
      entities: 4.5.0
      estree-walker: 2.0.2
      source-map-js: 1.2.1

  '@vue/compiler-dom@3.5.22':
    dependencies:
      '@vue/compiler-core': 3.5.22
      '@vue/shared': 3.5.22

  '@vue/compiler-sfc@3.5.22':
    dependencies:
      '@babel/parser': 7.28.4
      '@vue/compiler-core': 3.5.22
      '@vue/compiler-dom': 3.5.22
      '@vue/compiler-ssr': 3.5.22
      '@vue/shared': 3.5.22
      estree-walker: 2.0.2
      magic-string: 0.30.19
      postcss: 8.5.6
      source-map-js: 1.2.1

  '@vue/compiler-ssr@3.5.22':
    dependencies:
      '@vue/compiler-dom': 3.5.22
      '@vue/shared': 3.5.22

  '@vue/devtools-api@6.6.4': {}

  '@vue/reactivity@3.5.22':
    dependencies:
      '@vue/shared': 3.5.22

  '@vue/runtime-core@3.5.22':
    dependencies:
      '@vue/reactivity': 3.5.22
      '@vue/shared': 3.5.22

  '@vue/runtime-dom@3.5.22':
    dependencies:
      '@vue/reactivity': 3.5.22
      '@vue/runtime-core': 3.5.22
      '@vue/shared': 3.5.22
      csstype: 3.1.3

  '@vue/server-renderer@3.5.22(vue@3.5.22)':
    dependencies:
      '@vue/compiler-ssr': 3.5.22
      '@vue/shared': 3.5.22
      vue: 3.5.22

  '@vue/shared@3.5.22': {}

  copy-text-to-clipboard@3.2.2: {}

  core-js@3.45.1: {}

  csstype@3.1.3: {}

  dayjs@1.11.18: {}

  entities@4.5.0: {}

  estree-walker@2.0.2: {}

  lodash-es@4.17.21: {}

  lodash@4.17.21: {}

  luch-request@3.1.1:
    dependencies:
      '@dcloudio/types': 2.6.12

  magic-string@0.30.19:
    dependencies:
      '@jridgewell/sourcemap-codec': 1.5.5

  mutation-observer@1.0.3: {}

  nanoid@3.3.11: {}

  picocolors@1.1.1: {}

  pinia-plugin-persist-uni@1.3.1(pinia@2.3.1(vue@3.5.22))(vue@3.5.22):
    dependencies:
      pinia: 2.3.1(vue@3.5.22)
      vue: 3.5.22
      vue-demi: 0.12.5(vue@3.5.22)

  pinia@2.3.1(vue@3.5.22):
    dependencies:
      '@vue/devtools-api': 6.6.4
      vue: 3.5.22
      vue-demi: 0.14.10(vue@3.5.22)
    transitivePeerDependencies:
      - '@vue/composition-api'

  postcss@8.5.6:
    dependencies:
      nanoid: 3.3.11
      picocolors: 1.1.1
      source-map-js: 1.2.1

  prettier@2.8.8: {}

  source-map-js@1.2.1: {}

  vconsole@3.15.1:
    dependencies:
      '@babel/runtime': 7.28.4
      copy-text-to-clipboard: 3.2.2
      core-js: 3.45.1
      mutation-observer: 1.0.3

  vue-demi@0.12.5(vue@3.5.22):
    dependencies:
      vue: 3.5.22

  vue-demi@0.14.10(vue@3.5.22):
    dependencies:
      vue: 3.5.22

  vue@3.5.22:
    dependencies:
      '@vue/compiler-dom': 3.5.22
      '@vue/compiler-sfc': 3.5.22
      '@vue/runtime-dom': 3.5.22
      '@vue/server-renderer': 3.5.22(vue@3.5.22)
      '@vue/shared': 3.5.22

  weixin-js-sdk@1.6.5: {}
